
Microsoft Visual Studio Solution File, Format Version 12.00
# Visual Studio Version 17
VisualStudioVersion = 17.8.34316.72
MinimumVisualStudioVersion = 10.0.40219.1
Project("{FAE04EC0-301F-11D3-BF4B-00C04F79EFBC}") = "WebApiFerremax", "WebApiFerremax\WebApiFerremax.csproj", "{F5A6A1FB-D143-4E18-8FD9-02EB21245D3F}"
EndProject
Global
	GlobalSection(SolutionConfigurationPlatforms) = preSolution
		Debug|Any CPU = Debug|Any CPU
		Release|Any CPU = Release|Any CPU
	EndGlobalSection
	GlobalSection(ProjectConfigurationPlatforms) = postSolution
		{F5A6A1FB-D143-4E18-8FD9-02EB21245D3F}.Debug|Any CPU.ActiveCfg = Debug|Any CPU
		{F5A6A1FB-D143-4E18-8FD9-02EB21245D3F}.Debug|Any CPU.Build.0 = Debug|Any CPU
		{F5A6A1FB-D143-4E18-8FD9-02EB21245D3F}.Release|Any CPU.ActiveCfg = Release|Any CPU
		{F5A6A1FB-D143-4E18-8FD9-02EB21245D3F}.Release|Any CPU.Build.0 = Release|Any CPU
	EndGlobalSection
	GlobalSection(SolutionProperties) = preSolution
		HideSolutionNode = FALSE
	EndGlobalSection
	GlobalSection(ExtensibilityGlobals) = postSolution
		SolutionGuid = {843F3ED1-A195-497D-9C06-F94A284491B1}
	EndGlobalSection
EndGlobal
